{
  "name": "pvp-practice-addon",
  "version": "1.0.0",
  "lockfileVersion": 3,
  "requires": true,
  "packages": {
    "": {
      "name": "pvp-practice-addon",
      "version": "1.0.0",
      "devDependencies": {
        "@minecraft/server": "file:tools/stubs/server",
        "@minecraft/server-ui": "file:tools/stubs/server-ui"
      }
    },
    "node_modules/@minecraft/server": {
      "resolved": "tools/stubs/server",
      "link": true
    },
    "node_modules/@minecraft/server-ui": {
      "resolved": "tools/stubs/server-ui",
      "link": true
    },
    "tools/stubs/server": {
      "name": "@minecraft/server",
      "version": "2.0.0",
      "dev": true
    },
    "tools/stubs/server-ui": {
      "name": "@minecraft/server-ui",
      "version": "2.0.0",
      "dev": true
    }
  }
}
